// !$*UTF8*$!
{
	archiveVersion = 1;
	classes = {
	};
	objectVersion = 55;
	objects = {

/* Begin PBXBuildFile section */
		15E71F672ADB24FB0076B662 /* Messages.swift in Sources */ = {isa = PBXBuildFile; fileRef = 15E71F662ADB24FB0076B662 /* Messages.swift */; };
		3BDFCFB72AD9E6D40088E497 /* Profile.swift in Sources */ = {isa = PBXBuildFile; fileRef = 3BDFCFB62AD9E6D40088E497 /* Profile.swift */; };
		3BDFCFB92ADB0CCB0088E497 /* Home.swift in Sources */ = {isa = PBXBuildFile; fileRef = 3BDFCFB82ADB0CCB0088E497 /* Home.swift */; };
		4BC8F3F42AC8868100A47671 /* AppDelegate.swift in Sources */ = {isa = PBXBuildFile; fileRef = 4BC8F3F32AC8868100A47671 /* AppDelegate.swift */; };
		4BC8F3F62AC8868100A47671 /* SceneDelegate.swift in Sources */ = {isa = PBXBuildFile; fileRef = 4BC8F3F52AC8868100A47671 /* SceneDelegate.swift */; };
		4BC8F3F82AC8868100A47671 /* ViewController.swift in Sources */ = {isa = PBXBuildFile; fileRef = 4BC8F3F72AC8868100A47671 /* ViewController.swift */; };
		4BC8F3FB2AC8868100A47671 /* Main.storyboard in Resources */ = {isa = PBXBuildFile; fileRef = 4BC8F3F92AC8868100A47671 /* Main.storyboard */; };
		4BC8F3FD2AC8868200A47671 /* Assets.xcassets in Resources */ = {isa = PBXBuildFile; fileRef = 4BC8F3FC2AC8868200A47671 /* Assets.xcassets */; };
		4BC8F4002AC8868200A47671 /* LaunchScreen.storyboard in Resources */ = {isa = PBXBuildFile; fileRef = 4BC8F3FE2AC8868200A47671 /* LaunchScreen.storyboard */; };
		4BC8F40B2AC8868200A47671 /* hereTests.swift in Sources */ = {isa = PBXBuildFile; fileRef = 4BC8F40A2AC8868200A47671 /* hereTests.swift */; };
		4BC8F4152AC8868200A47671 /* hereUITests.swift in Sources */ = {isa = PBXBuildFile; fileRef = 4BC8F4142AC8868200A47671 /* hereUITests.swift */; };
		4BC8F4172AC8868200A47671 /* hereUITestsLaunchTests.swift in Sources */ = {isa = PBXBuildFile; fileRef = 4BC8F4162AC8868200A47671 /* hereUITestsLaunchTests.swift */; };
/* End PBXBuildFile section */

/* Begin PBXContainerItemProxy section */
		4BC8F4072AC8868200A47671 /* PBXContainerItemProxy */ = {
			isa = PBXContainerItemProxy;
			containerPortal = 4BC8F3E82AC8868100A47671 /* Project object */;
			proxyType = 1;
			remoteGlobalIDString = 4BC8F3EF2AC8868100A47671;
			remoteInfo = here;
		};
		4BC8F4112AC8868200A47671 /* PBXContainerItemProxy */ = {
			isa = PBXContainerItemProxy;
			containerPortal = 4BC8F3E82AC8868100A47671 /* Project object */;
			proxyType = 1;
			remoteGlobalIDString = 4BC8F3EF2AC8868100A47671;
			remoteInfo = here;
		};
/* End PBXContainerItemProxy section */

/* Begin PBXFileReference section */
		15E71F662ADB24FB0076B662 /* Messages.swift */ = {isa = PBXFileReference; lastKnownFileType = sourcecode.swift; path = Messages.swift; sourceTree = "<group>"; };
		3BDFCFB62AD9E6D40088E497 /* Profile.swift */ = {isa = PBXFileReference; lastKnownFileType = sourcecode.swift; path = Profile.swift; sourceTree = "<group>"; };
		3BDFCFB82ADB0CCB0088E497 /* Home.swift */ = {isa = PBXFileReference; lastKnownFileType = sourcecode.swift; path = Home.swift; sourceTree = "<group>"; };
		4BC8F3F02AC8868100A47671 /* here.app */ = {isa = PBXFileReference; explicitFileType = wrapper.application; includeInIndex = 0; path = here.app; sourceTree = BUILT_PRODUCTS_DIR; };
		4BC8F3F32AC8868100A47671 /* AppDelegate.swift */ = {isa = PBXFileReference; lastKnownFileType = sourcecode.swift; path = AppDelegate.swift; sourceTree = "<group>"; };
		4BC8F3F52AC8868100A47671 /* SceneDelegate.swift */ = {isa = PBXFileReference; lastKnownFileType = sourcecode.swift; path = SceneDelegate.swift; sourceTree = "<group>"; };
		4BC8F3F72AC8868100A47671 /* ViewController.swift */ = {isa = PBXFileReference; lastKnownFileType = sourcecode.swift; path = ViewController.swift; sourceTree = "<group>"; };
		4BC8F3FA2AC8868100A47671 /* Base */ = {isa = PBXFileReference; lastKnownFileType = file.storyboard; name = Base; path = Base.lproj/Main.storyboard; sourceTree = "<group>"; };
		4BC8F3FC2AC8868200A47671 /* Assets.xcassets */ = {isa = PBXFileReference; lastKnownFileType = folder.assetcatalog; path = Assets.xcassets; sourceTree = "<group>"; };
		4BC8F3FF2AC8868200A47671 /* Base */ = {isa = PBXFileReference; lastKnownFileType = file.storyboard; name = Base; path = Base.lproj/LaunchScreen.storyboard; sourceTree = "<group>"; };
		4BC8F4012AC8868200A47671 /* Info.plist */ = {isa = PBXFileReference; lastKnownFileType = text.plist.xml; path = Info.plist; sourceTree = "<group>"; };
		4BC8F4062AC8868200A47671 /* hereTests.xctest */ = {isa = PBXFileReference; explicitFileType = wrapper.cfbundle; includeInIndex = 0; path = hereTests.xctest; sourceTree = BUILT_PRODUCTS_DIR; };
		4BC8F40A2AC8868200A47671 /* hereTests.swift */ = {isa = PBXFileReference; lastKnownFileType = sourcecode.swift; path = hereTests.swift; sourceTree = "<group>"; };
		4BC8F4102AC8868200A47671 /* hereUITests.xctest */ = {isa = PBXFileReference; explicitFileType = wrapper.cfbundle; includeInIndex = 0; path = hereUITests.xctest; sourceTree = BUILT_PRODUCTS_DIR; };
		4BC8F4142AC8868200A47671 /* hereUITests.swift */ = {isa = PBXFileReference; lastKnownFileType = sourcecode.swift; path = hereUITests.swift; sourceTree = "<group>"; };
		4BC8F4162AC8868200A47671 /* hereUITestsLaunchTests.swift */ = {isa = PBXFileReference; lastKnownFileType = sourcecode.swift; path = hereUITestsLaunchTests.swift; sourceTree = "<group>"; };
/* End PBXFileReference section */

/* Begin PBXFrameworksBuildPhase section */
		4BC8F3ED2AC8868100A47671 /* Frameworks */ = {
			isa = PBXFrameworksBuildPhase;
			buildActionMask = 2147483647;
			files = (
			);
			runOnlyForDeploymentPostprocessing = 0;
		};
		4BC8F4032AC8868200A47671 /* Frameworks */ = {
			isa = PBXFrameworksBuildPhase;
			buildActionMask = 2147483647;
			files = (
			);
			runOnlyForDeploymentPostprocessing = 0;
		};
		4BC8F40D2AC8868200A47671 /* Frameworks */ = {
			isa = PBXFrameworksBuildPhase;
			buildActionMask = 2147483647;
			files = (
			);
			runOnlyForDeploymentPostprocessing = 0;
		};
/* End PBXFrameworksBuildPhase section */

/* Begin PBXGroup section */
		4BC8F3E72AC8868100A47671 = {
			isa = PBXGroup;
			children = (
				4BC8F3F22AC8868100A47671 /* here */,
				4BC8F4092AC8868200A47671 /* hereTests */,
				4BC8F4132AC8868200A47671 /* hereUITests */,
				4BC8F3F12AC8868100A47671 /* Products */,
			);
			sourceTree = "<group>";
		};
		4BC8F3F12AC8868100A47671 /* Products */ = {
			isa = PBXGroup;
			children = (
				4BC8F3F02AC8868100A47671 /* here.app */,
				4BC8F4062AC8868200A47671 /* hereTests.xctest */,
				4BC8F4102AC8868200A47671 /* hereUITests.xctest */,
			);
			name = Products;
			sourceTree = "<group>";
		};
		4BC8F3F22AC8868100A47671 /* here */ = {
			isa = PBXGroup;
			children = (
				4BC8F3F32AC8868100A47671 /* AppDelegate.swift */,
				3BDFCFB62AD9E6D40088E497 /* Profile.swift */,
				3BDFCFB82ADB0CCB0088E497 /* Home.swift */,
				15E71F662ADB24FB0076B662 /* Messages.swift */,
				4BC8F3F52AC8868100A47671 /* SceneDelegate.swift */,
				4BC8F3F72AC8868100A47671 /* ViewController.swift */,
				4BC8F3F92AC8868100A47671 /* Main.storyboard */,
				4BC8F3FC2AC8868200A47671 /* Assets.xcassets */,
				4BC8F3FE2AC8868200A47671 /* LaunchScreen.storyboard */,
				4BC8F4012AC8868200A47671 /* Info.plist */,
			);
			path = here;
			sourceTree = "<group>";
		};
		4BC8F4092AC8868200A47671 /* hereTests */ = {
			isa = PBXGroup;
			children = (
				4BC8F40A2AC8868200A47671 /* hereTests.swift */,
			);
			path = hereTests;
			sourceTree = "<group>";
		};
		4BC8F4132AC8868200A47671 /* hereUITests */ = {
			isa = PBXGroup;
			children = (
				4BC8F4142AC8868200A47671 /* hereUITests.swift */,
				4BC8F4162AC8868200A47671 /* hereUITestsLaunchTests.swift */,
			);
			path = hereUITests;
			sourceTree = "<group>";
		};
/* End PBXGroup section */

/* Begin PBXNativeTarget section */
		4BC8F3EF2AC8868100A47671 /* here */ = {
			isa = PBXNativeTarget;
			buildConfigurationList = 4BC8F41A2AC8868200A47671 /* Build configuration list for PBXNativeTarget "here" */;
			buildPhases = (
				4BC8F3EC2AC8868100A47671 /* Sources */,
				4BC8F3ED2AC8868100A47671 /* Frameworks */,
				4BC8F3EE2AC8868100A47671 /* Resources */,
			);
			buildRules = (
			);
			dependencies = (
			);
			name = here;
			productName = here;
			productReference = 4BC8F3F02AC8868100A47671 /* here.app */;
			productType = "com.apple.product-type.application";
		};
		4BC8F4052AC8868200A47671 /* hereTests */ = {
			isa = PBXNativeTarget;
			buildConfigurationList = 4BC8F41D2AC8868200A47671 /* Build configuration list for PBXNativeTarget "hereTests" */;
			buildPhases = (
				4BC8F4022AC8868200A47671 /* Sources */,
				4BC8F4032AC8868200A47671 /* Frameworks */,
				4BC8F4042AC8868200A47671 /* Resources */,
			);
			buildRules = (
			);
			dependencies = (
				4BC8F4082AC8868200A47671 /* PBXTargetDependency */,
			);
			name = hereTests;
			productName = hereTests;
			productReference = 4BC8F4062AC8868200A47671 /* hereTests.xctest */;
			productType = "com.apple.product-type.bundle.unit-test";
		};
		4BC8F40F2AC8868200A47671 /* hereUITests */ = {
			isa = PBXNativeTarget;
			buildConfigurationList = 4BC8F4202AC8868200A47671 /* Build configuration list for PBXNativeTarget "hereUITests" */;
			buildPhases = (
				4BC8F40C2AC8868200A47671 /* Sources */,
				4BC8F40D2AC8868200A47671 /* Frameworks */,
				4BC8F40E2AC8868200A47671 /* Resources */,
			);
			buildRules = (
			);
			dependencies = (
				4BC8F4122AC8868200A47671 /* PBXTargetDependency */,
			);
			name = hereUITests;
			productName = hereUITests;
			productReference = 4BC8F4102AC8868200A47671 /* hereUITests.xctest */;
			productType = "com.apple.product-type.bundle.ui-testing";
		};
/* End PBXNativeTarget section */

/* Begin PBXProject section */
		4BC8F3E82AC8868100A47671 /* Project object */ = {
			isa = PBXProject;
			attributes = {
				BuildIndependentTargetsInParallel = 1;
				LastSwiftUpdateCheck = 1330;
				LastUpgradeCheck = 1330;
				TargetAttributes = {
					4BC8F3EF2AC8868100A47671 = {
						CreatedOnToolsVersion = 13.3;
					};
					4BC8F4052AC8868200A47671 = {
						CreatedOnToolsVersion = 13.3;
						TestTargetID = 4BC8F3EF2AC8868100A47671;
					};
					4BC8F40F2AC8868200A47671 = {
						CreatedOnToolsVersion = 13.3;
						TestTargetID = 4BC8F3EF2AC8868100A47671;
					};
				};
			};
			buildConfigurationList = 4BC8F3EB2AC8868100A47671 /* Build configuration list for PBXProject "here" */;
			compatibilityVersion = "Xcode 13.0";
			developmentRegion = en;
			hasScannedForEncodings = 0;
			knownRegions = (
				en,
				Base,
			);
			mainGroup = 4BC8F3E72AC8868100A47671;
			productRefGroup = 4BC8F3F12AC8868100A47671 /* Products */;
			projectDirPath = "";
			projectRoot = "";
			targets = (
				4BC8F3EF2AC8868100A47671 /* here */,
				4BC8F4052AC8868200A47671 /* hereTests */,
				4BC8F40F2AC8868200A47671 /* hereUITests */,
			);
		};
/* End PBXProject section */

/* Begin PBXResourcesBuildPhase section */
		4BC8F3EE2AC8868100A47671 /* Resources */ = {
			isa = PBXResourcesBuildPhase;
			buildActionMask = 2147483647;
			files = (
				4BC8F4002AC8868200A47671 /* LaunchScreen.storyboard in Resources */,
				4BC8F3FD2AC8868200A47671 /* Assets.xcassets in Resources */,
				4BC8F3FB2AC8868100A47671 /* Main.storyboard in Resources */,
			);
			runOnlyForDeploymentPostprocessing = 0;
		};
		4BC8F4042AC8868200A47671 /* Resources */ = {
			isa = PBXResourcesBuildPhase;
			buildActionMask = 2147483647;
			files = (
			);
			runOnlyForDeploymentPostprocessing = 0;
		};
		4BC8F40E2AC8868200A47671 /* Resources */ = {
			isa = PBXResourcesBuildPhase;
			buildActionMask = 2147483647;
			files = (
			);
			runOnlyForDeploymentPostprocessing = 0;
		};
/* End PBXResourcesBuildPhase section */

/* Begin PBXSourcesBuildPhase section */
		4BC8F3EC2AC8868100A47671 /* Sources */ = {
			isa = PBXSourcesBuildPhase;
			buildActionMask = 2147483647;
			files = (
				4BC8F3F82AC8868100A47671 /* ViewController.swift in Sources */,
				15E71F672ADB24FB0076B662 /* Messages.swift in Sources */,
				3BDFCFB72AD9E6D40088E497 /* Profile.swift in Sources */,
				3BDFCFB92ADB0CCB0088E497 /* Home.swift in Sources */,
				4BC8F3F42AC8868100A47671 /* AppDelegate.swift in Sources */,
				4BC8F3F62AC8868100A47671 /* SceneDelegate.swift in Sources */,
			);
			runOnlyForDeploymentPostprocessing = 0;
		};
		4BC8F4022AC8868200A47671 /* Sources */ = {
			isa = PBXSourcesBuildPhase;
			buildActionMask = 2147483647;
			files = (
				4BC8F40B2AC8868200A47671 /* hereTests.swift in Sources */,
			);
			runOnlyForDeploymentPostprocessing = 0;
		};
		4BC8F40C2AC8868200A47671 /* Sources */ = {
			isa = PBXSourcesBuildPhase;
			buildActionMask = 2147483647;
			files = (
				4BC8F4172AC8868200A47671 /* hereUITestsLaunchTests.swift in Sources */,
				4BC8F4152AC8868200A47671 /* hereUITests.swift in Sources */,
			);
			runOnlyForDeploymentPostprocessing = 0;
		};
/* End PBXSourcesBuildPhase section */

/* Begin PBXTargetDependency section */
		4BC8F4082AC8868200A47671 /* PBXTargetDependency */ = {
			isa = PBXTargetDependency;
			target = 4BC8F3EF2AC8868100A47671 /* here */;
			targetProxy = 4BC8F4072AC8868200A47671 /* PBXContainerItemProxy */;
		};
		4BC8F4122AC8868200A47671 /* PBXTargetDependency */ = {
			isa = PBXTargetDependency;
			target = 4BC8F3EF2AC8868100A47671 /* here */;
			targetProxy = 4BC8F4112AC8868200A47671 /* PBXContainerItemProxy */;
		};
/* End PBXTargetDependency section */

/* Begin PBXVariantGroup section */
		4BC8F3F92AC8868100A47671 /* Main.storyboard */ = {
			isa = PBXVariantGroup;
			children = (
				4BC8F3FA2AC8868100A47671 /* Base */,
			);
			name = Main.storyboard;
			sourceTree = "<group>";
		};
		4BC8F3FE2AC8868200A47671 /* LaunchScreen.storyboard */ = {
			isa = PBXVariantGroup;
			children = (
				4BC8F3FF2AC8868200A47671 /* Base */,
			);
			name = LaunchScreen.storyboard;
			sourceTree = "<group>";
		};
/* End PBXVariantGroup section */

/* Begin XCBuildConfiguration section */
		4BC8F4182AC8868200A47671 /* Debug */ = {
			isa = XCBuildConfiguration;
			buildSettings = {
				ALWAYS_SEARCH_USER_PATHS = NO;
				CLANG_ANALYZER_NONNULL = YES;
				CLANG_ANALYZER_NUMBER_OBJECT_CONVERSION = YES_AGGRESSIVE;
				CLANG_CXX_LANGUAGE_STANDARD = "gnu++17";
				CLANG_ENABLE_MODULES = YES;
				CLANG_ENABLE_OBJC_ARC = YES;
				CLANG_ENABLE_OBJC_WEAK = YES;
				CLANG_WARN_BLOCK_CAPTURE_AUTORELEASING = YES;
				CLANG_WARN_BOOL_CONVERSION = YES;
				CLANG_WARN_COMMA = YES;
				CLANG_WARN_CONSTANT_CONVERSION = YES;
				CLANG_WARN_DEPRECATED_OBJC_IMPLEMENTATIONS = YES;
				CLANG_WARN_DIRECT_OBJC_ISA_USAGE = YES_ERROR;
				CLANG_WARN_DOCUMENTATION_COMMENTS = YES;
				CLANG_WARN_EMPTY_BODY = YES;
				CLANG_WARN_ENUM_CONVERSION = YES;
				CLANG_WARN_INFINITE_RECURSION = YES;
				CLANG_WARN_INT_CONVERSION = YES;
				CLANG_WARN_NON_LITERAL_NULL_CONVERSION = YES;
				CLANG_WARN_OBJC_IMPLICIT_RETAIN_SELF = YES;
				CLANG_WARN_OBJC_LITERAL_CONVERSION = YES;
				CLANG_WARN_OBJC_ROOT_CLASS = YES_ERROR;
				CLANG_WARN_QUOTED_INCLUDE_IN_FRAMEWORK_HEADER = YES;
				CLANG_WARN_RANGE_LOOP_ANALYSIS = YES;
				CLANG_WARN_STRICT_PROTOTYPES = YES;
				CLANG_WARN_SUSPICIOUS_MOVE = YES;
				CLANG_WARN_UNGUARDED_AVAILABILITY = YES_AGGRESSIVE;
				CLANG_WARN_UNREACHABLE_CODE = YES;
				CLANG_WARN__DUPLICATE_METHOD_MATCH = YES;
				COPY_PHASE_STRIP = NO;
				DEBUG_INFORMATION_FORMAT = dwarf;
				ENABLE_STRICT_OBJC_MSGSEND = YES;
				ENABLE_TESTABILITY = YES;
				GCC_C_LANGUAGE_STANDARD = gnu11;
				GCC_DYNAMIC_NO_PIC = NO;
				GCC_NO_COMMON_BLOCKS = YES;
				GCC_OPTIMIZATION_LEVEL = 0;
				GCC_PREPROCESSOR_DEFINITIONS = (
					"DEBUG=1",
					"$(inherited)",
				);
				GCC_WARN_64_TO_32_BIT_CONVERSION = YES;
				GCC_WARN_ABOUT_RETURN_TYPE = YES_ERROR;
				GCC_WARN_UNDECLARED_SELECTOR = YES;
				GCC_WARN_UNINITIALIZED_AUTOS = YES_AGGRESSIVE;
				GCC_WARN_UNUSED_FUNCTION = YES;
				GCC_WARN_UNUSED_VARIABLE = YES;
				IPHONEOS_DEPLOYMENT_TARGET = 15.4;
				MTL_ENABLE_DEBUG_INFO = INCLUDE_SOURCE;
				MTL_FAST_MATH = YES;
				ONLY_ACTIVE_ARCH = YES;
				SDKROOT = iphoneos;
				SWIFT_ACTIVE_COMPILATION_CONDITIONS = DEBUG;
				SWIFT_OPTIMIZATION_LEVEL = "-Onone";
			};
			name = Debug;
		};
		4BC8F4192AC8868200A47671 /* Release */ = {
			isa = XCBuildConfiguration;
			buildSettings = {
				ALWAYS_SEARCH_USER_PATHS = NO;
				CLANG_ANALYZER_NONNULL = YES;
				CLANG_ANALYZER_NUMBER_OBJECT_CONVERSION = YES_AGGRESSIVE;
				CLANG_CXX_LANGUAGE_STANDARD = "gnu++17";
				CLANG_ENABLE_MODULES = YES;
				CLANG_ENABLE_OBJC_ARC = YES;
				CLANG_ENABLE_OBJC_WEAK = YES;
				CLANG_WARN_BLOCK_CAPTURE_AUTORELEASING = YES;
				CLANG_WARN_BOOL_CONVERSION = YES;
				CLANG_WARN_COMMA = YES;
				CLANG_WARN_CONSTANT_CONVERSION = YES;
				CLANG_WARN_DEPRECATED_OBJC_IMPLEMENTATIONS = YES;
				CLANG_WARN_DIRECT_OBJC_ISA_USAGE = YES_ERROR;
				CLANG_WARN_DOCUMENTATION_COMMENTS = YES;
				CLANG_WARN_EMPTY_BODY = YES;
				CLANG_WARN_ENUM_CONVERSION = YES;
				CLANG_WARN_INFINITE_RECURSION = YES;
				CLANG_WARN_INT_CONVERSION = YES;
				CLANG_WARN_NON_LITERAL_NULL_CONVERSION = YES;
				CLANG_WARN_OBJC_IMPLICIT_RETAIN_SELF = YES;
				CLANG_WARN_OBJC_LITERAL_CONVERSION = YES;
				CLANG_WARN_OBJC_ROOT_CLASS = YES_ERROR;
				CLANG_WARN_QUOTED_INCLUDE_IN_FRAMEWORK_HEADER = YES;
				CLANG_WARN_RANGE_LOOP_ANALYSIS = YES;
				CLANG_WARN_STRICT_PROTOTYPES = YES;
				CLANG_WARN_SUSPICIOUS_MOVE = YES;
				CLANG_WARN_UNGUARDED_AVAILABILITY = YES_AGGRESSIVE;
				CLANG_WARN_UNREACHABLE_CODE = YES;
				CLANG_WARN__DUPLICATE_METHOD_MATCH = YES;
				COPY_PHASE_STRIP = NO;
				DEBUG_INFORMATION_FORMAT = "dwarf-with-dsym";
				ENABLE_NS_ASSERTIONS = NO;
				ENABLE_STRICT_OBJC_MSGSEND = YES;
				GCC_C_LANGUAGE_STANDARD = gnu11;
				GCC_NO_COMMON_BLOCKS = YES;
				GCC_WARN_64_TO_32_BIT_CONVERSION = YES;
				GCC_WARN_ABOUT_RETURN_TYPE = YES_ERROR;
				GCC_WARN_UNDECLARED_SELECTOR = YES;
				GCC_WARN_UNINITIALIZED_AUTOS = YES_AGGRESSIVE;
				GCC_WARN_UNUSED_FUNCTION = YES;
				GCC_WARN_UNUSED_VARIABLE = YES;
				IPHONEOS_DEPLOYMENT_TARGET = 15.4;
				MTL_ENABLE_DEBUG_INFO = NO;
				MTL_FAST_MATH = YES;
				SDKROOT = iphoneos;
				SWIFT_COMPILATION_MODE = wholemodule;
				SWIFT_OPTIMIZATION_LEVEL = "-O";
				VALIDATE_PRODUCT = YES;
			};
			name = Release;
		};
		4BC8F41B2AC8868200A47671 /* Debug */ = {
			isa = XCBuildConfiguration;
			buildSettings = {
				ASSETCATALOG_COMPILER_APPICON_NAME = AppIcon;
				ASSETCATALOG_COMPILER_GLOBAL_ACCENT_COLOR_NAME = AccentColor;
				CODE_SIGN_STYLE = Automatic;
				CURRENT_PROJECT_VERSION = 1;
				GENERATE_INFOPLIST_FILE = YES;
				INFOPLIST_FILE = here/Info.plist;
				INFOPLIST_KEY_UIApplicationSupportsIndirectInputEvents = YES;
				INFOPLIST_KEY_UILaunchStoryboardName = LaunchScreen;
				INFOPLIST_KEY_UIMainStoryboardFile = Main;
				INFOPLIST_KEY_UISupportedInterfaceOrientations_iPad = "UIInterfaceOrientationPortrait UIInterfaceOrientationPortraitUpsideDown UIInterfaceOrientationLandscapeLeft UIInterfaceOrientationLandscapeRight";
				INFOPLIST_KEY_UISupportedInterfaceOrientations_iPhone = "UIInterfaceOrientationPortrait UIInterfaceOrientationLandscapeLeft UIInterfaceOrientationLandscapeRight";
				LD_RUNPATH_SEARCH_PATHS = (
					"$(inherited)",
					"@executable_path/Frameworks",
				);
				MARKETING_VERSION = 1.0;
				PRODUCT_BUNDLE_IDENTIFIER = here.here;
				PRODUCT_NAME = "$(TARGET_NAME)";
				SWIFT_EMIT_LOC_STRINGS = YES;
				SWIFT_VERSION = 5.0;
				TARGETED_DEVICE_FAMILY = "1,2";
			};
			name = Debug;
		};
		4BC8F41C2AC8868200A47671 /* Release */ = {
			isa = XCBuildConfiguration;
			buildSettings = {
				ASSETCATALOG_COMPILER_APPICON_NAME = AppIcon;
				ASSETCATALOG_COMPILER_GLOBAL_ACCENT_COLOR_NAME = AccentColor;
				CODE_SIGN_STYLE = Automatic;
				CURRENT_PROJECT_VERSION = 1;
				GENERATE_INFOPLIST_FILE = YES;
				INFOPLIST_FILE = here/Info.plist;
				INFOPLIST_KEY_UIApplicationSupportsIndirectInputEvents = YES;
				INFOPLIST_KEY_UILaunchStoryboardName = LaunchScreen;
				INFOPLIST_KEY_UIMainStoryboardFile = Main;
				INFOPLIST_KEY_UISupportedInterfaceOrientations_iPad = "UIInterfaceOrientationPortrait UIInterfaceOrientationPortraitUpsideDown UIInterfaceOrientationLandscapeLeft UIInterfaceOrientationLandscapeRight";
				INFOPLIST_KEY_UISupportedInterfaceOrientations_iPhone = "UIInterfaceOrientationPortrait UIInterfaceOrientationLandscapeLeft UIInterfaceOrientationLandscapeRight";
				LD_RUNPATH_SEARCH_PATHS = (
					"$(inherited)",
					"@executable_path/Frameworks",
				);
				MARKETING_VERSION = 1.0;
				PRODUCT_BUNDLE_IDENTIFIER = here.here;
				PRODUCT_NAME = "$(TARGET_NAME)";
				SWIFT_EMIT_LOC_STRINGS = YES;
				SWIFT_VERSION = 5.0;
				TARGETED_DEVICE_FAMILY = "1,2";
			};
			name = Release;
		};
		4BC8F41E2AC8868200A47671 /* Debug */ = {
			isa = XCBuildConfiguration;
			buildSettings = {
				ALWAYS_EMBED_SWIFT_STANDARD_LIBRARIES = YES;
				BUNDLE_LOADER = "$(TEST_HOST)";
				CODE_SIGN_STYLE = Automatic;
				CURRENT_PROJECT_VERSION = 1;
				GENERATE_INFOPLIST_FILE = YES;
				IPHONEOS_DEPLOYMENT_TARGET = 15.4;
				MARKETING_VERSION = 1.0;
				PRODUCT_BUNDLE_IDENTIFIER = here.hereTests;
				PRODUCT_NAME = "$(TARGET_NAME)";
				SWIFT_EMIT_LOC_STRINGS = NO;
				SWIFT_VERSION = 5.0;
				TARGETED_DEVICE_FAMILY = "1,2";
				TEST_HOST = "$(BUILT_PRODUCTS_DIR)/here.app/here";
			};
			name = Debug;
		};
		4BC8F41F2AC8868200A47671 /* Release */ = {
			isa = XCBuildConfiguration;
			buildSettings = {
				ALWAYS_EMBED_SWIFT_STANDARD_LIBRARIES = YES;
				BUNDLE_LOADER = "$(TEST_HOST)";
				CODE_SIGN_STYLE = Automatic;
				CURRENT_PROJECT_VERSION = 1;
				GENERATE_INFOPLIST_FILE = YES;
				IPHONEOS_DEPLOYMENT_TARGET = 15.4;
				MARKETING_VERSION = 1.0;
				PRODUCT_BUNDLE_IDENTIFIER = here.hereTests;
				PRODUCT_NAME = "$(TARGET_NAME)";
				SWIFT_EMIT_LOC_STRINGS = NO;
				SWIFT_VERSION = 5.0;
				TARGETED_DEVICE_FAMILY = "1,2";
				TEST_HOST = "$(BUILT_PRODUCTS_DIR)/here.app/here";
			};
			name = Release;
		};
		4BC8F4212AC8868200A47671 /* Debug */ = {
			isa = XCBuildConfiguration;
			buildSettings = {
				ALWAYS_EMBED_SWIFT_STANDARD_LIBRARIES = YES;
				CODE_SIGN_STYLE = Automatic;
				CURRENT_PROJECT_VERSION = 1;
				GENERATE_INFOPLIST_FILE = YES;
				MARKETING_VERSION = 1.0;
				PRODUCT_BUNDLE_IDENTIFIER = here.hereUITests;
				PRODUCT_NAME = "$(TARGET_NAME)";
				SWIFT_EMIT_LOC_STRINGS = NO;
				SWIFT_VERSION = 5.0;
				TARGETED_DEVICE_FAMILY = "1,2";
				TEST_TARGET_NAME = here;
			};
			name = Debug;
		};
		4BC8F4222AC8868200A47671 /* Release */ = {
			isa = XCBuildConfiguration;
			buildSettings = {
				ALWAYS_EMBED_SWIFT_STANDARD_LIBRARIES = YES;
				CODE_SIGN_STYLE = Automatic;
				CURRENT_PROJECT_VERSION = 1;
				GENERATE_INFOPLIST_FILE = YES;
				MARKETING_VERSION = 1.0;
				PRODUCT_BUNDLE_IDENTIFIER = here.hereUITests;
				PRODUCT_NAME = "$(TARGET_NAME)";
				SWIFT_EMIT_LOC_STRINGS = NO;
				SWIFT_VERSION = 5.0;
				TARGETED_DEVICE_FAMILY = "1,2";
				TEST_TARGET_NAME = here;
			};
			name = Release;
		};
/* End XCBuildConfiguration section */

/* Begin XCConfigurationList section */
		4BC8F3EB2AC8868100A47671 /* Build configuration list for PBXProject "here" */ = {
			isa = XCConfigurationList;
			buildConfigurations = (
				4BC8F4182AC8868200A47671 /* Debug */,
				4BC8F4192AC8868200A47671 /* Release */,
			);
			defaultConfigurationIsVisible = 0;
			defaultConfigurationName = Release;
		};
		4BC8F41A2AC8868200A47671 /* Build configuration list for PBXNativeTarget "here" */ = {
			isa = XCConfigurationList;
			buildConfigurations = (
				4BC8F41B2AC8868200A47671 /* Debug */,
				4BC8F41C2AC8868200A47671 /* Release */,
			);
			defaultConfigurationIsVisible = 0;
			defaultConfigurationName = Release;
		};
		4BC8F41D2AC8868200A47671 /* Build configuration list for PBXNativeTarget "hereTests" */ = {
			isa = XCConfigurationList;
			buildConfigurations = (
				4BC8F41E2AC8868200A47671 /* Debug */,
				4BC8F41F2AC8868200A47671 /* Release */,
			);
			defaultConfigurationIsVisible = 0;
			defaultConfigurationName = Release;
		};
		4BC8F4202AC8868200A47671 /* Build configuration list for PBXNativeTarget "hereUITests" */ = {
			isa = XCConfigurationList;
			buildConfigurations = (
				4BC8F4212AC8868200A47671 /* Debug */,
				4BC8F4222AC8868200A47671 /* Release */,
			);
			defaultConfigurationIsVisible = 0;
			defaultConfigurationName = Release;
		};
/* End XCConfigurationList section */
	};
	rootObject = 4BC8F3E82AC8868100A47671 /* Project object */;
}
