// !$*UTF8*$!
{
	archiveVersion = 1;
	classes = {
	};
	objectVersion = 56;
	objects = {

/* Begin PBXBuildFile section */
		1531A8DE2AED95FD009F644E /* newHereApp.swift in Sources */ = {isa = PBXBuildFile; fileRef = 1531A8DD2AED95FD009F644E /* newHereApp.swift */; };
		1531A8E02AED95FD009F644E /* ContentView.swift in Sources */ = {isa = PBXBuildFile; fileRef = 1531A8DF2AED95FD009F644E /* ContentView.swift */; };
		1531A8E22AED95FF009F644E /* Assets.xcassets in Resources */ = {isa = PBXBuildFile; fileRef = 1531A8E12AED95FF009F644E /* Assets.xcassets */; };
		1531A8E62AED95FF009F644E /* Preview Assets.xcassets in Resources */ = {isa = PBXBuildFile; fileRef = 1531A8E52AED95FF009F644E /* Preview Assets.xcassets */; };
		1531A8F02AED9600009F644E /* newHereTests.swift in Sources */ = {isa = PBXBuildFile; fileRef = 1531A8EF2AED9600009F644E /* newHereTests.swift */; };
		1531A8FA2AED9600009F644E /* newHereUITests.swift in Sources */ = {isa = PBXBuildFile; fileRef = 1531A8F92AED9600009F644E /* newHereUITests.swift */; };
		1531A8FC2AED9600009F644E /* newHereUITestsLaunchTests.swift in Sources */ = {isa = PBXBuildFile; fileRef = 1531A8FB2AED9600009F644E /* newHereUITestsLaunchTests.swift */; };
		1531A9092AED9618009F644E /* Home.swift in Sources */ = {isa = PBXBuildFile; fileRef = 1531A9082AED9618009F644E /* Home.swift */; };
		1531A90B2AED964A009F644E /* Profile.swift in Sources */ = {isa = PBXBuildFile; fileRef = 1531A90A2AED964A009F644E /* Profile.swift */; };
		1531A90D2AED9663009F644E /* Messages.swift in Sources */ = {isa = PBXBuildFile; fileRef = 1531A90C2AED9663009F644E /* Messages.swift */; };
		1531A90F2AED9917009F644E /* Post.swift in Sources */ = {isa = PBXBuildFile; fileRef = 1531A90E2AED9917009F644E /* Post.swift */; };
		1531A9132AEDAE2A009F644E /* LocationDataManager.swift in Sources */ = {isa = PBXBuildFile; fileRef = 1531A9122AEDAE2A009F644E /* LocationDataManager.swift */; };
		1531A9152AEDCADB009F644E /* Message.swift in Sources */ = {isa = PBXBuildFile; fileRef = 1531A9142AEDCADB009F644E /* Message.swift */; };
/* End PBXBuildFile section */

/* Begin PBXContainerItemProxy section */
		1531A8EC2AED9600009F644E /* PBXContainerItemProxy */ = {
			isa = PBXContainerItemProxy;
			containerPortal = 1531A8D22AED95FC009F644E /* Project object */;
			proxyType = 1;
			remoteGlobalIDString = 1531A8D92AED95FD009F644E;
			remoteInfo = newHere;
		};
		1531A8F62AED9600009F644E /* PBXContainerItemProxy */ = {
			isa = PBXContainerItemProxy;
			containerPortal = 1531A8D22AED95FC009F644E /* Project object */;
			proxyType = 1;
			remoteGlobalIDString = 1531A8D92AED95FD009F644E;
			remoteInfo = newHere;
		};
/* End PBXContainerItemProxy section */

/* Begin PBXFileReference section */
		1531A8DA2AED95FD009F644E /* newHere.app */ = {isa = PBXFileReference; explicitFileType = wrapper.application; includeInIndex = 0; path = newHere.app; sourceTree = BUILT_PRODUCTS_DIR; };
		1531A8DD2AED95FD009F644E /* newHereApp.swift */ = {isa = PBXFileReference; lastKnownFileType = sourcecode.swift; path = newHereApp.swift; sourceTree = "<group>"; };
		1531A8DF2AED95FD009F644E /* ContentView.swift */ = {isa = PBXFileReference; lastKnownFileType = sourcecode.swift; path = ContentView.swift; sourceTree = "<group>"; };
		1531A8E12AED95FF009F644E /* Assets.xcassets */ = {isa = PBXFileReference; lastKnownFileType = folder.assetcatalog; path = Assets.xcassets; sourceTree = "<group>"; };
		1531A8E32AED95FF009F644E /* newHere.entitlements */ = {isa = PBXFileReference; lastKnownFileType = text.plist.entitlements; path = newHere.entitlements; sourceTree = "<group>"; };
		1531A8E52AED95FF009F644E /* Preview Assets.xcassets */ = {isa = PBXFileReference; lastKnownFileType = folder.assetcatalog; path = "Preview Assets.xcassets"; sourceTree = "<group>"; };
		1531A8EB2AED9600009F644E /* newHereTests.xctest */ = {isa = PBXFileReference; explicitFileType = wrapper.cfbundle; includeInIndex = 0; path = newHereTests.xctest; sourceTree = BUILT_PRODUCTS_DIR; };
		1531A8EF2AED9600009F644E /* newHereTests.swift */ = {isa = PBXFileReference; lastKnownFileType = sourcecode.swift; path = newHereTests.swift; sourceTree = "<group>"; };
		1531A8F52AED9600009F644E /* newHereUITests.xctest */ = {isa = PBXFileReference; explicitFileType = wrapper.cfbundle; includeInIndex = 0; path = newHereUITests.xctest; sourceTree = BUILT_PRODUCTS_DIR; };
		1531A8F92AED9600009F644E /* newHereUITests.swift */ = {isa = PBXFileReference; lastKnownFileType = sourcecode.swift; path = newHereUITests.swift; sourceTree = "<group>"; };
		1531A8FB2AED9600009F644E /* newHereUITestsLaunchTests.swift */ = {isa = PBXFileReference; lastKnownFileType = sourcecode.swift; path = newHereUITestsLaunchTests.swift; sourceTree = "<group>"; };
		1531A9082AED9618009F644E /* Home.swift */ = {isa = PBXFileReference; lastKnownFileType = sourcecode.swift; path = Home.swift; sourceTree = "<group>"; };
		1531A90A2AED964A009F644E /* Profile.swift */ = {isa = PBXFileReference; lastKnownFileType = sourcecode.swift; path = Profile.swift; sourceTree = "<group>"; };
		1531A90C2AED9663009F644E /* Messages.swift */ = {isa = PBXFileReference; lastKnownFileType = sourcecode.swift; path = Messages.swift; sourceTree = "<group>"; };
		1531A90E2AED9917009F644E /* Post.swift */ = {isa = PBXFileReference; lastKnownFileType = sourcecode.swift; path = Post.swift; sourceTree = "<group>"; };
		1531A9122AEDAE2A009F644E /* LocationDataManager.swift */ = {isa = PBXFileReference; lastKnownFileType = sourcecode.swift; path = LocationDataManager.swift; sourceTree = "<group>"; };
		1531A9142AEDCADB009F644E /* Message.swift */ = {isa = PBXFileReference; lastKnownFileType = sourcecode.swift; path = Message.swift; sourceTree = "<group>"; };
/* End PBXFileReference section */

/* Begin PBXFrameworksBuildPhase section */
		1531A8D72AED95FD009F644E /* Frameworks */ = {
			isa = PBXFrameworksBuildPhase;
			buildActionMask = 2147483647;
			files = (
			);
			runOnlyForDeploymentPostprocessing = 0;
		};
		1531A8E82AED9600009F644E /* Frameworks */ = {
			isa = PBXFrameworksBuildPhase;
			buildActionMask = 2147483647;
			files = (
			);
			runOnlyForDeploymentPostprocessing = 0;
		};
		1531A8F22AED9600009F644E /* Frameworks */ = {
			isa = PBXFrameworksBuildPhase;
			buildActionMask = 2147483647;
			files = (
			);
			runOnlyForDeploymentPostprocessing = 0;
		};
/* End PBXFrameworksBuildPhase section */

/* Begin PBXGroup section */
		1531A8D12AED95FC009F644E = {
			isa = PBXGroup;
			children = (
				1531A8DC2AED95FD009F644E /* newHere */,
				1531A8EE2AED9600009F644E /* newHereTests */,
				1531A8F82AED9600009F644E /* newHereUITests */,
				1531A8DB2AED95FD009F644E /* Products */,
			);
			sourceTree = "<group>";
		};
		1531A8DB2AED95FD009F644E /* Products */ = {
			isa = PBXGroup;
			children = (
				1531A8DA2AED95FD009F644E /* newHere.app */,
				1531A8EB2AED9600009F644E /* newHereTests.xctest */,
				1531A8F52AED9600009F644E /* newHereUITests.xctest */,
			);
			name = Products;
			sourceTree = "<group>";
		};
		1531A8DC2AED95FD009F644E /* newHere */ = {
			isa = PBXGroup;
			children = (
				1531A8DD2AED95FD009F644E /* newHereApp.swift */,
				1531A8DF2AED95FD009F644E /* ContentView.swift */,
				1531A9082AED9618009F644E /* Home.swift */,
				1531A90C2AED9663009F644E /* Messages.swift */,
				1531A90A2AED964A009F644E /* Profile.swift */,
				1531A90E2AED9917009F644E /* Post.swift */,
				1531A9142AEDCADB009F644E /* Message.swift */,
				1531A9122AEDAE2A009F644E /* LocationDataManager.swift */,
				1531A8E12AED95FF009F644E /* Assets.xcassets */,
				1531A8E32AED95FF009F644E /* newHere.entitlements */,
				1531A8E42AED95FF009F644E /* Preview Content */,
			);
			path = newHere;
			sourceTree = "<group>";
		};
		1531A8E42AED95FF009F644E /* Preview Content */ = {
			isa = PBXGroup;
			children = (
				1531A8E52AED95FF009F644E /* Preview Assets.xcassets */,
			);
			path = "Preview Content";
			sourceTree = "<group>";
		};
		1531A8EE2AED9600009F644E /* newHereTests */ = {
			isa = PBXGroup;
			children = (
				1531A8EF2AED9600009F644E /* newHereTests.swift */,
			);
			path = newHereTests;
			sourceTree = "<group>";
		};
		1531A8F82AED9600009F644E /* newHereUITests */ = {
			isa = PBXGroup;
			children = (
				1531A8F92AED9600009F644E /* newHereUITests.swift */,
				1531A8FB2AED9600009F644E /* newHereUITestsLaunchTests.swift */,
			);
			path = newHereUITests;
			sourceTree = "<group>";
		};
/* End PBXGroup section */

/* Begin PBXNativeTarget section */
		1531A8D92AED95FD009F644E /* newHere */ = {
			isa = PBXNativeTarget;
			buildConfigurationList = 1531A8FF2AED9600009F644E /* Build configuration list for PBXNativeTarget "newHere" */;
			buildPhases = (
				1531A8D62AED95FD009F644E /* Sources */,
				1531A8D72AED95FD009F644E /* Frameworks */,
				1531A8D82AED95FD009F644E /* Resources */,
			);
			buildRules = (
			);
			dependencies = (
			);
			name = newHere;
			productName = newHere;
			productReference = 1531A8DA2AED95FD009F644E /* newHere.app */;
			productType = "com.apple.product-type.application";
		};
		1531A8EA2AED9600009F644E /* newHereTests */ = {
			isa = PBXNativeTarget;
			buildConfigurationList = 1531A9022AED9600009F644E /* Build configuration list for PBXNativeTarget "newHereTests" */;
			buildPhases = (
				1531A8E72AED9600009F644E /* Sources */,
				1531A8E82AED9600009F644E /* Frameworks */,
				1531A8E92AED9600009F644E /* Resources */,
			);
			buildRules = (
			);
			dependencies = (
				1531A8ED2AED9600009F644E /* PBXTargetDependency */,
			);
			name = newHereTests;
			productName = newHereTests;
			productReference = 1531A8EB2AED9600009F644E /* newHereTests.xctest */;
			productType = "com.apple.product-type.bundle.unit-test";
		};
		1531A8F42AED9600009F644E /* newHereUITests */ = {
			isa = PBXNativeTarget;
			buildConfigurationList = 1531A9052AED9600009F644E /* Build configuration list for PBXNativeTarget "newHereUITests" */;
			buildPhases = (
				1531A8F12AED9600009F644E /* Sources */,
				1531A8F22AED9600009F644E /* Frameworks */,
				1531A8F32AED9600009F644E /* Resources */,
			);
			buildRules = (
			);
			dependencies = (
				1531A8F72AED9600009F644E /* PBXTargetDependency */,
			);
			name = newHereUITests;
			productName = newHereUITests;
			productReference = 1531A8F52AED9600009F644E /* newHereUITests.xctest */;
			productType = "com.apple.product-type.bundle.ui-testing";
		};
/* End PBXNativeTarget section */

/* Begin PBXProject section */
		1531A8D22AED95FC009F644E /* Project object */ = {
			isa = PBXProject;
			attributes = {
				BuildIndependentTargetsInParallel = 1;
				LastSwiftUpdateCheck = 1500;
				LastUpgradeCheck = 1500;
				TargetAttributes = {
					1531A8D92AED95FD009F644E = {
						CreatedOnToolsVersion = 15.0.1;
					};
					1531A8EA2AED9600009F644E = {
						CreatedOnToolsVersion = 15.0.1;
						TestTargetID = 1531A8D92AED95FD009F644E;
					};
					1531A8F42AED9600009F644E = {
						CreatedOnToolsVersion = 15.0.1;
						TestTargetID = 1531A8D92AED95FD009F644E;
					};
				};
			};
			buildConfigurationList = 1531A8D52AED95FC009F644E /* Build configuration list for PBXProject "newHere" */;
			compatibilityVersion = "Xcode 14.0";
			developmentRegion = en;
			hasScannedForEncodings = 0;
			knownRegions = (
				en,
				Base,
			);
			mainGroup = 1531A8D12AED95FC009F644E;
			productRefGroup = 1531A8DB2AED95FD009F644E /* Products */;
			projectDirPath = "";
			projectRoot = "";
			targets = (
				1531A8D92AED95FD009F644E /* newHere */,
				1531A8EA2AED9600009F644E /* newHereTests */,
				1531A8F42AED9600009F644E /* newHereUITests */,
			);
		};
/* End PBXProject section */

/* Begin PBXResourcesBuildPhase section */
		1531A8D82AED95FD009F644E /* Resources */ = {
			isa = PBXResourcesBuildPhase;
			buildActionMask = 2147483647;
			files = (
				1531A8E62AED95FF009F644E /* Preview Assets.xcassets in Resources */,
				1531A8E22AED95FF009F644E /* Assets.xcassets in Resources */,
			);
			runOnlyForDeploymentPostprocessing = 0;
		};
		1531A8E92AED9600009F644E /* Resources */ = {
			isa = PBXResourcesBuildPhase;
			buildActionMask = 2147483647;
			files = (
			);
			runOnlyForDeploymentPostprocessing = 0;
		};
		1531A8F32AED9600009F644E /* Resources */ = {
			isa = PBXResourcesBuildPhase;
			buildActionMask = 2147483647;
			files = (
			);
			runOnlyForDeploymentPostprocessing = 0;
		};
/* End PBXResourcesBuildPhase section */

/* Begin PBXSourcesBuildPhase section */
		1531A8D62AED95FD009F644E /* Sources */ = {
			isa = PBXSourcesBuildPhase;
			buildActionMask = 2147483647;
			files = (
				1531A9132AEDAE2A009F644E /* LocationDataManager.swift in Sources */,
				1531A8E02AED95FD009F644E /* ContentView.swift in Sources */,
				1531A90B2AED964A009F644E /* Profile.swift in Sources */,
				1531A90D2AED9663009F644E /* Messages.swift in Sources */,
				1531A90F2AED9917009F644E /* Post.swift in Sources */,
				1531A9152AEDCADB009F644E /* Message.swift in Sources */,
				1531A9092AED9618009F644E /* Home.swift in Sources */,
				1531A8DE2AED95FD009F644E /* newHereApp.swift in Sources */,
			);
			runOnlyForDeploymentPostprocessing = 0;
		};
		1531A8E72AED9600009F644E /* Sources */ = {
			isa = PBXSourcesBuildPhase;
			buildActionMask = 2147483647;
			files = (
				1531A8F02AED9600009F644E /* newHereTests.swift in Sources */,
			);
			runOnlyForDeploymentPostprocessing = 0;
		};
		1531A8F12AED9600009F644E /* Sources */ = {
			isa = PBXSourcesBuildPhase;
			buildActionMask = 2147483647;
			files = (
				1531A8FA2AED9600009F644E /* newHereUITests.swift in Sources */,
				1531A8FC2AED9600009F644E /* newHereUITestsLaunchTests.swift in Sources */,
			);
			runOnlyForDeploymentPostprocessing = 0;
		};
/* End PBXSourcesBuildPhase section */

/* Begin PBXTargetDependency section */
		1531A8ED2AED9600009F644E /* PBXTargetDependency */ = {
			isa = PBXTargetDependency;
			target = 1531A8D92AED95FD009F644E /* newHere */;
			targetProxy = 1531A8EC2AED9600009F644E /* PBXContainerItemProxy */;
		};
		1531A8F72AED9600009F644E /* PBXTargetDependency */ = {
			isa = PBXTargetDependency;
			target = 1531A8D92AED95FD009F644E /* newHere */;
			targetProxy = 1531A8F62AED9600009F644E /* PBXContainerItemProxy */;
		};
/* End PBXTargetDependency section */

/* Begin XCBuildConfiguration section */
		1531A8FD2AED9600009F644E /* Debug */ = {
			isa = XCBuildConfiguration;
			buildSettings = {
				ALWAYS_SEARCH_USER_PATHS = NO;
				ASSETCATALOG_COMPILER_GENERATE_SWIFT_ASSET_SYMBOL_EXTENSIONS = YES;
				CLANG_ANALYZER_NONNULL = YES;
				CLANG_ANALYZER_NUMBER_OBJECT_CONVERSION = YES_AGGRESSIVE;
				CLANG_CXX_LANGUAGE_STANDARD = "gnu++20";
				CLANG_ENABLE_MODULES = YES;
				CLANG_ENABLE_OBJC_ARC = YES;
				CLANG_ENABLE_OBJC_WEAK = YES;
				CLANG_WARN_BLOCK_CAPTURE_AUTORELEASING = YES;
				CLANG_WARN_BOOL_CONVERSION = YES;
				CLANG_WARN_COMMA = YES;
				CLANG_WARN_CONSTANT_CONVERSION = YES;
				CLANG_WARN_DEPRECATED_OBJC_IMPLEMENTATIONS = YES;
				CLANG_WARN_DIRECT_OBJC_ISA_USAGE = YES_ERROR;
				CLANG_WARN_DOCUMENTATION_COMMENTS = YES;
				CLANG_WARN_EMPTY_BODY = YES;
				CLANG_WARN_ENUM_CONVERSION = YES;
				CLANG_WARN_INFINITE_RECURSION = YES;
				CLANG_WARN_INT_CONVERSION = YES;
				CLANG_WARN_NON_LITERAL_NULL_CONVERSION = YES;
				CLANG_WARN_OBJC_IMPLICIT_RETAIN_SELF = YES;
				CLANG_WARN_OBJC_LITERAL_CONVERSION = YES;
				CLANG_WARN_OBJC_ROOT_CLASS = YES_ERROR;
				CLANG_WARN_QUOTED_INCLUDE_IN_FRAMEWORK_HEADER = YES;
				CLANG_WARN_RANGE_LOOP_ANALYSIS = YES;
				CLANG_WARN_STRICT_PROTOTYPES = YES;
				CLANG_WARN_SUSPICIOUS_MOVE = YES;
				CLANG_WARN_UNGUARDED_AVAILABILITY = YES_AGGRESSIVE;
				CLANG_WARN_UNREACHABLE_CODE = YES;
				CLANG_WARN__DUPLICATE_METHOD_MATCH = YES;
				COPY_PHASE_STRIP = NO;
				DEBUG_INFORMATION_FORMAT = dwarf;
				ENABLE_STRICT_OBJC_MSGSEND = YES;
				ENABLE_TESTABILITY = YES;
				ENABLE_USER_SCRIPT_SANDBOXING = YES;
				GCC_C_LANGUAGE_STANDARD = gnu17;
				GCC_DYNAMIC_NO_PIC = NO;
				GCC_NO_COMMON_BLOCKS = YES;
				GCC_OPTIMIZATION_LEVEL = 0;
				GCC_PREPROCESSOR_DEFINITIONS = (
					"DEBUG=1",
					"$(inherited)",
				);
				GCC_WARN_64_TO_32_BIT_CONVERSION = YES;
				GCC_WARN_ABOUT_RETURN_TYPE = YES_ERROR;
				GCC_WARN_UNDECLARED_SELECTOR = YES;
				GCC_WARN_UNINITIALIZED_AUTOS = YES_AGGRESSIVE;
				GCC_WARN_UNUSED_FUNCTION = YES;
				GCC_WARN_UNUSED_VARIABLE = YES;
				LOCALIZATION_PREFERS_STRING_CATALOGS = YES;
				MTL_ENABLE_DEBUG_INFO = INCLUDE_SOURCE;
				MTL_FAST_MATH = YES;
				ONLY_ACTIVE_ARCH = YES;
				SWIFT_ACTIVE_COMPILATION_CONDITIONS = "DEBUG $(inherited)";
				SWIFT_OPTIMIZATION_LEVEL = "-Onone";
			};
			name = Debug;
		};
		1531A8FE2AED9600009F644E /* Release */ = {
			isa = XCBuildConfiguration;
			buildSettings = {
				ALWAYS_SEARCH_USER_PATHS = NO;
				ASSETCATALOG_COMPILER_GENERATE_SWIFT_ASSET_SYMBOL_EXTENSIONS = YES;
				CLANG_ANALYZER_NONNULL = YES;
				CLANG_ANALYZER_NUMBER_OBJECT_CONVERSION = YES_AGGRESSIVE;
				CLANG_CXX_LANGUAGE_STANDARD = "gnu++20";
				CLANG_ENABLE_MODULES = YES;
				CLANG_ENABLE_OBJC_ARC = YES;
				CLANG_ENABLE_OBJC_WEAK = YES;
				CLANG_WARN_BLOCK_CAPTURE_AUTORELEASING = YES;
				CLANG_WARN_BOOL_CONVERSION = YES;
				CLANG_WARN_COMMA = YES;
				CLANG_WARN_CONSTANT_CONVERSION = YES;
				CLANG_WARN_DEPRECATED_OBJC_IMPLEMENTATIONS = YES;
				CLANG_WARN_DIRECT_OBJC_ISA_USAGE = YES_ERROR;
				CLANG_WARN_DOCUMENTATION_COMMENTS = YES;
				CLANG_WARN_EMPTY_BODY = YES;
				CLANG_WARN_ENUM_CONVERSION = YES;
				CLANG_WARN_INFINITE_RECURSION = YES;
				CLANG_WARN_INT_CONVERSION = YES;
				CLANG_WARN_NON_LITERAL_NULL_CONVERSION = YES;
				CLANG_WARN_OBJC_IMPLICIT_RETAIN_SELF = YES;
				CLANG_WARN_OBJC_LITERAL_CONVERSION = YES;
				CLANG_WARN_OBJC_ROOT_CLASS = YES_ERROR;
				CLANG_WARN_QUOTED_INCLUDE_IN_FRAMEWORK_HEADER = YES;
				CLANG_WARN_RANGE_LOOP_ANALYSIS = YES;
				CLANG_WARN_STRICT_PROTOTYPES = YES;
				CLANG_WARN_SUSPICIOUS_MOVE = YES;
				CLANG_WARN_UNGUARDED_AVAILABILITY = YES_AGGRESSIVE;
				CLANG_WARN_UNREACHABLE_CODE = YES;
				CLANG_WARN__DUPLICATE_METHOD_MATCH = YES;
				COPY_PHASE_STRIP = NO;
				DEBUG_INFORMATION_FORMAT = "dwarf-with-dsym";
				ENABLE_NS_ASSERTIONS = NO;
				ENABLE_STRICT_OBJC_MSGSEND = YES;
				ENABLE_USER_SCRIPT_SANDBOXING = YES;
				GCC_C_LANGUAGE_STANDARD = gnu17;
				GCC_NO_COMMON_BLOCKS = YES;
				GCC_WARN_64_TO_32_BIT_CONVERSION = YES;
				GCC_WARN_ABOUT_RETURN_TYPE = YES_ERROR;
				GCC_WARN_UNDECLARED_SELECTOR = YES;
				GCC_WARN_UNINITIALIZED_AUTOS = YES_AGGRESSIVE;
				GCC_WARN_UNUSED_FUNCTION = YES;
				GCC_WARN_UNUSED_VARIABLE = YES;
				LOCALIZATION_PREFERS_STRING_CATALOGS = YES;
				MTL_ENABLE_DEBUG_INFO = NO;
				MTL_FAST_MATH = YES;
				SWIFT_COMPILATION_MODE = wholemodule;
			};
			name = Release;
		};
		1531A9002AED9600009F644E /* Debug */ = {
			isa = XCBuildConfiguration;
			buildSettings = {
				ASSETCATALOG_COMPILER_APPICON_NAME = AppIcon;
				ASSETCATALOG_COMPILER_GLOBAL_ACCENT_COLOR_NAME = AccentColor;
				CODE_SIGN_ENTITLEMENTS = newHere/newHere.entitlements;
				CODE_SIGN_IDENTITY = "Apple Development";
				CODE_SIGN_STYLE = Automatic;
				CURRENT_PROJECT_VERSION = 1;
				DEVELOPMENT_ASSET_PATHS = "\"newHere/Preview Content\"";
				DEVELOPMENT_TEAM = ACLZN9M2VC;
				ENABLE_HARDENED_RUNTIME = YES;
				ENABLE_PREVIEWS = YES;
				GENERATE_INFOPLIST_FILE = YES;
				INFOPLIST_KEY_LSApplicationCategoryType = "";
				INFOPLIST_KEY_NSLocationWhenInUseUsageDescription = "Here needs to access your location data to tell you your location";
				"INFOPLIST_KEY_UIApplicationSceneManifest_Generation[sdk=iphoneos*]" = YES;
				"INFOPLIST_KEY_UIApplicationSceneManifest_Generation[sdk=iphonesimulator*]" = YES;
				"INFOPLIST_KEY_UIApplicationSupportsIndirectInputEvents[sdk=iphoneos*]" = YES;
				"INFOPLIST_KEY_UIApplicationSupportsIndirectInputEvents[sdk=iphonesimulator*]" = YES;
				"INFOPLIST_KEY_UILaunchScreen_Generation[sdk=iphoneos*]" = YES;
				"INFOPLIST_KEY_UILaunchScreen_Generation[sdk=iphonesimulator*]" = YES;
				"INFOPLIST_KEY_UIStatusBarStyle[sdk=iphoneos*]" = UIStatusBarStyleDefault;
				"INFOPLIST_KEY_UIStatusBarStyle[sdk=iphonesimulator*]" = UIStatusBarStyleDefault;
				INFOPLIST_KEY_UISupportedInterfaceOrientations_iPad = "UIInterfaceOrientationPortrait UIInterfaceOrientationPortraitUpsideDown UIInterfaceOrientationLandscapeLeft UIInterfaceOrientationLandscapeRight";
				INFOPLIST_KEY_UISupportedInterfaceOrientations_iPhone = "UIInterfaceOrientationPortrait UIInterfaceOrientationLandscapeLeft UIInterfaceOrientationLandscapeRight";
				IPHONEOS_DEPLOYMENT_TARGET = 17.0;
				LD_RUNPATH_SEARCH_PATHS = "@executable_path/Frameworks";
				"LD_RUNPATH_SEARCH_PATHS[sdk=macosx*]" = "@executable_path/../Frameworks";
				MACOSX_DEPLOYMENT_TARGET = 14.0;
				MARKETING_VERSION = 1.0;
				PRODUCT_BUNDLE_IDENTIFIER = com.eric.newHere;
				PRODUCT_NAME = "$(TARGET_NAME)";
				PROVISIONING_PROFILE_SPECIFIER = "";
				SDKROOT = auto;
				SUPPORTED_PLATFORMS = "iphoneos iphonesimulator macosx";
				SWIFT_EMIT_LOC_STRINGS = YES;
				SWIFT_VERSION = 5.0;
				TARGETED_DEVICE_FAMILY = "1,2";
			};
			name = Debug;
		};
		1531A9012AED9600009F644E /* Release */ = {
			isa = XCBuildConfiguration;
			buildSettings = {
				ASSETCATALOG_COMPILER_APPICON_NAME = AppIcon;
				ASSETCATALOG_COMPILER_GLOBAL_ACCENT_COLOR_NAME = AccentColor;
				CODE_SIGN_ENTITLEMENTS = newHere/newHere.entitlements;
				CODE_SIGN_STYLE = Manual;
				CURRENT_PROJECT_VERSION = 1;
				DEVELOPMENT_ASSET_PATHS = "\"newHere/Preview Content\"";
				DEVELOPMENT_TEAM = "";
				ENABLE_HARDENED_RUNTIME = YES;
				ENABLE_PREVIEWS = YES;
				GENERATE_INFOPLIST_FILE = YES;
				INFOPLIST_KEY_LSApplicationCategoryType = "";
				INFOPLIST_KEY_NSLocationWhenInUseUsageDescription = "Here needs to access your location data to tell you your location";
				"INFOPLIST_KEY_UIApplicationSceneManifest_Generation[sdk=iphoneos*]" = YES;
				"INFOPLIST_KEY_UIApplicationSceneManifest_Generation[sdk=iphonesimulator*]" = YES;
				"INFOPLIST_KEY_UIApplicationSupportsIndirectInputEvents[sdk=iphoneos*]" = YES;
				"INFOPLIST_KEY_UIApplicationSupportsIndirectInputEvents[sdk=iphonesimulator*]" = YES;
				"INFOPLIST_KEY_UILaunchScreen_Generation[sdk=iphoneos*]" = YES;
				"INFOPLIST_KEY_UILaunchScreen_Generation[sdk=iphonesimulator*]" = YES;
				"INFOPLIST_KEY_UIStatusBarStyle[sdk=iphoneos*]" = UIStatusBarStyleDefault;
				"INFOPLIST_KEY_UIStatusBarStyle[sdk=iphonesimulator*]" = UIStatusBarStyleDefault;
				INFOPLIST_KEY_UISupportedInterfaceOrientations_iPad = "UIInterfaceOrientationPortrait UIInterfaceOrientationPortraitUpsideDown UIInterfaceOrientationLandscapeLeft UIInterfaceOrientationLandscapeRight";
				INFOPLIST_KEY_UISupportedInterfaceOrientations_iPhone = "UIInterfaceOrientationPortrait UIInterfaceOrientationLandscapeLeft UIInterfaceOrientationLandscapeRight";
				IPHONEOS_DEPLOYMENT_TARGET = 17.0;
				LD_RUNPATH_SEARCH_PATHS = "@executable_path/Frameworks";
				"LD_RUNPATH_SEARCH_PATHS[sdk=macosx*]" = "@executable_path/../Frameworks";
				MACOSX_DEPLOYMENT_TARGET = 14.0;
				MARKETING_VERSION = 1.0;
				PRODUCT_BUNDLE_IDENTIFIER = com.eric.newHere;
				PRODUCT_NAME = "$(TARGET_NAME)";
				PROVISIONING_PROFILE_SPECIFIER = "";
				SDKROOT = auto;
				SUPPORTED_PLATFORMS = "iphoneos iphonesimulator macosx";
				SWIFT_EMIT_LOC_STRINGS = YES;
				SWIFT_VERSION = 5.0;
				TARGETED_DEVICE_FAMILY = "1,2";
			};
			name = Release;
		};
		1531A9032AED9600009F644E /* Debug */ = {
			isa = XCBuildConfiguration;
			buildSettings = {
				ALWAYS_EMBED_SWIFT_STANDARD_LIBRARIES = YES;
				BUNDLE_LOADER = "$(TEST_HOST)";
				CODE_SIGN_STYLE = Automatic;
				CURRENT_PROJECT_VERSION = 1;
				DEVELOPMENT_TEAM = ACLZN9M2VC;
				GENERATE_INFOPLIST_FILE = YES;
				IPHONEOS_DEPLOYMENT_TARGET = 17.0;
				MACOSX_DEPLOYMENT_TARGET = 14.0;
				MARKETING_VERSION = 1.0;
				PRODUCT_BUNDLE_IDENTIFIER = com.eric.newHereTests;
				PRODUCT_NAME = "$(TARGET_NAME)";
				SDKROOT = auto;
				SUPPORTED_PLATFORMS = "iphoneos iphonesimulator macosx";
				SWIFT_EMIT_LOC_STRINGS = NO;
				SWIFT_VERSION = 5.0;
				TARGETED_DEVICE_FAMILY = "1,2";
				TEST_HOST = "$(BUILT_PRODUCTS_DIR)/newHere.app/$(BUNDLE_EXECUTABLE_FOLDER_PATH)/newHere";
			};
			name = Debug;
		};
		1531A9042AED9600009F644E /* Release */ = {
			isa = XCBuildConfiguration;
			buildSettings = {
				ALWAYS_EMBED_SWIFT_STANDARD_LIBRARIES = YES;
				BUNDLE_LOADER = "$(TEST_HOST)";
				CODE_SIGN_STYLE = Automatic;
				CURRENT_PROJECT_VERSION = 1;
				DEVELOPMENT_TEAM = A7X36A78B2;
				GENERATE_INFOPLIST_FILE = YES;
				IPHONEOS_DEPLOYMENT_TARGET = 17.0;
				MACOSX_DEPLOYMENT_TARGET = 14.0;
				MARKETING_VERSION = 1.0;
				PRODUCT_BUNDLE_IDENTIFIER = com.eric.newHereTests;
				PRODUCT_NAME = "$(TARGET_NAME)";
				SDKROOT = auto;
				SUPPORTED_PLATFORMS = "iphoneos iphonesimulator macosx";
				SWIFT_EMIT_LOC_STRINGS = NO;
				SWIFT_VERSION = 5.0;
				TARGETED_DEVICE_FAMILY = "1,2";
				TEST_HOST = "$(BUILT_PRODUCTS_DIR)/newHere.app/$(BUNDLE_EXECUTABLE_FOLDER_PATH)/newHere";
			};
			name = Release;
		};
		1531A9062AED9600009F644E /* Debug */ = {
			isa = XCBuildConfiguration;
			buildSettings = {
				ALWAYS_EMBED_SWIFT_STANDARD_LIBRARIES = YES;
				CODE_SIGN_STYLE = Automatic;
				CURRENT_PROJECT_VERSION = 1;
				DEVELOPMENT_TEAM = ACLZN9M2VC;
				GENERATE_INFOPLIST_FILE = YES;
				IPHONEOS_DEPLOYMENT_TARGET = 17.0;
				MACOSX_DEPLOYMENT_TARGET = 14.0;
				MARKETING_VERSION = 1.0;
				PRODUCT_BUNDLE_IDENTIFIER = com.eric.newHereUITests;
				PRODUCT_NAME = "$(TARGET_NAME)";
				SDKROOT = auto;
				SUPPORTED_PLATFORMS = "iphoneos iphonesimulator macosx";
				SWIFT_EMIT_LOC_STRINGS = NO;
				SWIFT_VERSION = 5.0;
				TARGETED_DEVICE_FAMILY = "1,2";
				TEST_TARGET_NAME = newHere;
			};
			name = Debug;
		};
		1531A9072AED9600009F644E /* Release */ = {
			isa = XCBuildConfiguration;
			buildSettings = {
				ALWAYS_EMBED_SWIFT_STANDARD_LIBRARIES = YES;
				CODE_SIGN_STYLE = Automatic;
				CURRENT_PROJECT_VERSION = 1;
				DEVELOPMENT_TEAM = A7X36A78B2;
				GENERATE_INFOPLIST_FILE = YES;
				IPHONEOS_DEPLOYMENT_TARGET = 17.0;
				MACOSX_DEPLOYMENT_TARGET = 14.0;
				MARKETING_VERSION = 1.0;
				PRODUCT_BUNDLE_IDENTIFIER = com.eric.newHereUITests;
				PRODUCT_NAME = "$(TARGET_NAME)";
				SDKROOT = auto;
				SUPPORTED_PLATFORMS = "iphoneos iphonesimulator macosx";
				SWIFT_EMIT_LOC_STRINGS = NO;
				SWIFT_VERSION = 5.0;
				TARGETED_DEVICE_FAMILY = "1,2";
				TEST_TARGET_NAME = newHere;
			};
			name = Release;
		};
/* End XCBuildConfiguration section */

/* Begin XCConfigurationList section */
		1531A8D52AED95FC009F644E /* Build configuration list for PBXProject "newHere" */ = {
			isa = XCConfigurationList;
			buildConfigurations = (
				1531A8FD2AED9600009F644E /* Debug */,
				1531A8FE2AED9600009F644E /* Release */,
			);
			defaultConfigurationIsVisible = 0;
			defaultConfigurationName = Release;
		};
		1531A8FF2AED9600009F644E /* Build configuration list for PBXNativeTarget "newHere" */ = {
			isa = XCConfigurationList;
			buildConfigurations = (
				1531A9002AED9600009F644E /* Debug */,
				1531A9012AED9600009F644E /* Release */,
			);
			defaultConfigurationIsVisible = 0;
			defaultConfigurationName = Release;
		};
		1531A9022AED9600009F644E /* Build configuration list for PBXNativeTarget "newHereTests" */ = {
			isa = XCConfigurationList;
			buildConfigurations = (
				1531A9032AED9600009F644E /* Debug */,
				1531A9042AED9600009F644E /* Release */,
			);
			defaultConfigurationIsVisible = 0;
			defaultConfigurationName = Release;
		};
		1531A9052AED9600009F644E /* Build configuration list for PBXNativeTarget "newHereUITests" */ = {
			isa = XCConfigurationList;
			buildConfigurations = (
				1531A9062AED9600009F644E /* Debug */,
				1531A9072AED9600009F644E /* Release */,
			);
			defaultConfigurationIsVisible = 0;
			defaultConfigurationName = Release;
		};
/* End XCConfigurationList section */
	};
	rootObject = 1531A8D22AED95FC009F644E /* Project object */;
}
